
Microsoft Visual Studio Solution File, Format Version 12.00
# Visual Studio Version 17
VisualStudioVersion = 17.6.33723.286
MinimumVisualStudioVersion = 10.0.40219.1
Project("{FAE04EC0-301F-11D3-BF4B-00C04F79EFBC}") = "HomeworksDircAndFile", "HomeworksDircAndFile.csproj", "{7A409EEE-6D48-4991-AE77-3EA9FF0FF3F5}"
EndProject
Global
	GlobalSection(SolutionConfigurationPlatforms) = preSolution
		Debug|Any CPU = Debug|Any CPU
		Release|Any CPU = Release|Any CPU
	EndGlobalSection
	GlobalSection(ProjectConfigurationPlatforms) = postSolution
		{7A409EEE-6D48-4991-AE77-3EA9FF0FF3F5}.Debug|Any CPU.ActiveCfg = Debug|Any CPU
		{7A409EEE-6D48-4991-AE77-3EA9FF0FF3F5}.Debug|Any CPU.Build.0 = Debug|Any CPU
		{7A409EEE-6D48-4991-AE77-3EA9FF0FF3F5}.Release|Any CPU.ActiveCfg = Release|Any CPU
		{7A409EEE-6D48-4991-AE77-3EA9FF0FF3F5}.Release|Any CPU.Build.0 = Release|Any CPU
	EndGlobalSection
	GlobalSection(SolutionProperties) = preSolution
		HideSolutionNode = FALSE
	EndGlobalSection
	GlobalSection(ExtensibilityGlobals) = postSolution
		SolutionGuid = {C83416AE-6686-414A-B239-EC64C54426D8}
	EndGlobalSection
EndGlobal
